Microsoft Visual Studio Solution File, Format Version 12.00
# Visual Studio Version 16
VisualStudioVersion = 16.0.29613.14
MinimumVisualStudioVersion = 10.0.40219.1
Project("{FAE04EC0-301F-11D3-BF4B-00C04F79EFBC}") = "Prism.Test.Android", "Prism.Test.Android\Prism.Test.Android.csproj", "{42D84F7D-D15E-4E4A-BEF0-6A52BE97AF54}"
EndProject
Project("{FAE04EC0-301F-11D3-BF4B-00C04F79EFBC}") = "Prism.Test.iOS", "Prism.Test.iOS\Prism.Test.iOS.csproj", "{D34810D6-FA6B-4C03-955D-BD0BC9631198}"
EndProject
Project("{9A19103F-16F7-4668-BE54-9A1E7A4F7556}") = "Prism.Test", "Prism.Test\Prism.Test.csproj", "{4CFB5510-0DEB-4C41-8517-6F7DFE29067A}"
EndProject
Global
	GlobalSection(SolutionConfigurationPlatforms) = preSolution
		Debug|Any CPU = Debug|Any CPU
		Debug|iPhone = Debug|iPhone
		Debug|iPhoneSimulator = Debug|iPhoneSimulator
		Release|Any CPU = Release|Any CPU
		Release|iPhone = Release|iPhone
		Release|iPhoneSimulator = Release|iPhoneSimulator
	EndGlobalSection
	GlobalSection(ProjectConfigurationPlatforms) = postSolution
		{42D84F7D-D15E-4E4A-BEF0-6A52BE97AF54}.Debug|Any CPU.ActiveCfg = Debug|Any CPU
		{42D84F7D-D15E-4E4A-BEF0-6A52BE97AF54}.Debug|Any CPU.Build.0 = Debug|Any CPU
		{42D84F7D-D15E-4E4A-BEF0-6A52BE97AF54}.Debug|Any CPU.Deploy.0 = Debug|Any CPU
		{42D84F7D-D15E-4E4A-BEF0-6A52BE97AF54}.Debug|iPhone.ActiveCfg = Debug|Any CPU
		{42D84F7D-D15E-4E4A-BEF0-6A52BE97AF54}.Debug|iPhone.Build.0 = Debug|Any CPU
		{42D84F7D-D15E-4E4A-BEF0-6A52BE97AF54}.Debug|iPhoneSimulator.ActiveCfg = Debug|Any CPU
		{42D84F7D-D15E-4E4A-BEF0-6A52BE97AF54}.Debug|iPhoneSimulator.Build.0 = Debug|Any CPU
		{42D84F7D-D15E-4E4A-BEF0-6A52BE97AF54}.Release|Any CPU.ActiveCfg = Release|Any CPU
		{42D84F7D-D15E-4E4A-BEF0-6A52BE97AF54}.Release|Any CPU.Build.0 = Release|Any CPU
		{42D84F7D-D15E-4E4A-BEF0-6A52BE97AF54}.Release|iPhone.ActiveCfg = Release|Any CPU
		{42D84F7D-D15E-4E4A-BEF0-6A52BE97AF54}.Release|iPhone.Build.0 = Release|Any CPU
		{42D84F7D-D15E-4E4A-BEF0-6A52BE97AF54}.Release|iPhoneSimulator.ActiveCfg = Release|Any CPU
		{42D84F7D-D15E-4E4A-BEF0-6A52BE97AF54}.Release|iPhoneSimulator.Build.0 = Release|Any CPU
		{D34810D6-FA6B-4C03-955D-BD0BC9631198}.Debug|Any CPU.ActiveCfg = Debug|iPhoneSimulator
		{D34810D6-FA6B-4C03-955D-BD0BC9631198}.Debug|Any CPU.Build.0 = Debug|iPhoneSimulator
		{D34810D6-FA6B-4C03-955D-BD0BC9631198}.Debug|iPhone.ActiveCfg = Debug|iPhone
		{D34810D6-FA6B-4C03-955D-BD0BC9631198}.Debug|iPhone.Build.0 = Debug|iPhone
		{D34810D6-FA6B-4C03-955D-BD0BC9631198}.Debug|iPhoneSimulator.ActiveCfg = Debug|iPhoneSimulator
		{D34810D6-FA6B-4C03-955D-BD0BC9631198}.Debug|iPhoneSimulator.Build.0 = Debug|iPhoneSimulator
		{D34810D6-FA6B-4C03-955D-BD0BC9631198}.Release|Any CPU.ActiveCfg = Release|iPhoneSimulator
		{D34810D6-FA6B-4C03-955D-BD0BC9631198}.Release|Any CPU.Build.0 = Release|iPhoneSimulator
		{D34810D6-FA6B-4C03-955D-BD0BC9631198}.Release|iPhone.ActiveCfg = Release|iPhone
		{D34810D6-FA6B-4C03-955D-BD0BC9631198}.Release|iPhone.Build.0 = Release|iPhone
		{D34810D6-FA6B-4C03-955D-BD0BC9631198}.Release|iPhoneSimulator.ActiveCfg = Release|iPhoneSimulator
		{D34810D6-FA6B-4C03-955D-BD0BC9631198}.Release|iPhoneSimulator.Build.0 = Release|iPhoneSimulator
		{4CFB5510-0DEB-4C41-8517-6F7DFE29067A}.Debug|Any CPU.ActiveCfg = Debug|Any CPU
		{4CFB5510-0DEB-4C41-8517-6F7DFE29067A}.Debug|Any CPU.Build.0 = Debug|Any CPU
		{4CFB5510-0DEB-4C41-8517-6F7DFE29067A}.Debug|iPhone.ActiveCfg = Debug|Any CPU
		{4CFB5510-0DEB-4C41-8517-6F7DFE29067A}.Debug|iPhone.Build.0 = Debug|Any CPU
		{4CFB5510-0DEB-4C41-8517-6F7DFE29067A}.Debug|iPhoneSimulator.ActiveCfg = Debug|Any CPU
		{4CFB5510-0DEB-4C41-8517-6F7DFE29067A}.Debug|iPhoneSimulator.Build.0 = Debug|Any CPU
		{4CFB5510-0DEB-4C41-8517-6F7DFE29067A}.Release|Any CPU.ActiveCfg = Release|Any CPU
		{4CFB5510-0DEB-4C41-8517-6F7DFE29067A}.Release|Any CPU.Build.0 = Release|Any CPU
		{4CFB5510-0DEB-4C41-8517-6F7DFE29067A}.Release|iPhone.ActiveCfg = Release|Any CPU
		{4CFB5510-0DEB-4C41-8517-6F7DFE29067A}.Release|iPhone.Build.0 = Release|Any CPU
		{4CFB5510-0DEB-4C41-8517-6F7DFE29067A}.Release|iPhoneSimulator.ActiveCfg = Release|Any CPU
		{4CFB5510-0DEB-4C41-8517-6F7DFE29067A}.Release|iPhoneSimulator.Build.0 = Release|Any CPU
	EndGlobalSection
	GlobalSection(SolutionProperties) = preSolution
		HideSolutionNode = FALSE
	EndGlobalSection
	GlobalSection(ExtensibilityGlobals) = postSolution
		SolutionGuid = {7B5B420A-9D1E-48D2-BCEF-9DFEBEAC8808}
	EndGlobalSection
EndGlobal
